
Microsoft Visual Studio Solution File, Format Version 12.00
# Visual Studio Version 17
VisualStudioVersion = 17.0.32112.339
MinimumVisualStudioVersion = 10.0.40219.1
Project("{FAE04EC0-301F-11D3-BF4B-00C04F79EFBC}") = "Calculator", "Calculator\Calculator.csproj", "{5A4FD88C-7F5D-44C3-BE02-2EAE955A15EB}"
EndProject
Global
	GlobalSection(SolutionConfigurationPlatforms) = preSolution
		Debug|Any CPU = Debug|Any CPU
		Release|Any CPU = Release|Any CPU
	EndGlobalSection
	GlobalSection(ProjectConfigurationPlatforms) = postSolution
		{5A4FD88C-7F5D-44C3-BE02-2EAE955A15EB}.Debug|Any CPU.ActiveCfg = Debug|Any CPU
		{5A4FD88C-7F5D-44C3-BE02-2EAE955A15EB}.Debug|Any CPU.Build.0 = Debug|Any CPU
		{5A4FD88C-7F5D-44C3-BE02-2EAE955A15EB}.Release|Any CPU.ActiveCfg = Release|Any CPU
		{5A4FD88C-7F5D-44C3-BE02-2EAE955A15EB}.Release|Any CPU.Build.0 = Release|Any CPU
	EndGlobalSection
	GlobalSection(SolutionProperties) = preSolution
		HideSolutionNode = FALSE
	EndGlobalSection
	GlobalSection(ExtensibilityGlobals) = postSolution
		SolutionGuid = {4B04DF2E-0FFD-406A-8B7B-2F67D16679E2}
	EndGlobalSection
EndGlobal
